// !$*UTF8*$!
{
	archiveVersion = 1;
	classes = {
	};
	objectVersion = 55;
	objects = {

/* Begin PBXBuildFile section */
		0661295A28107FD70071EAF3 /* AppDelegate.swift in Sources */ = {isa = PBXBuildFile; fileRef = 0661295928107FD70071EAF3 /* AppDelegate.swift */; };
		0661295C28107FD70071EAF3 /* SceneDelegate.swift in Sources */ = {isa = PBXBuildFile; fileRef = 0661295B28107FD70071EAF3 /* SceneDelegate.swift */; };
		0661295E28107FD70071EAF3 /* ViewController.swift in Sources */ = {isa = PBXBuildFile; fileRef = 0661295D28107FD70071EAF3 /* ViewController.swift */; };
		0661296128107FD70071EAF3 /* Main.storyboard in Resources */ = {isa = PBXBuildFile; fileRef = 0661295F28107FD70071EAF3 /* Main.storyboard */; };
		0661296428107FD70071EAF3 /* StorageScanner2_0.xcdatamodeld in Sources */ = {isa = PBXBuildFile; fileRef = 0661296228107FD70071EAF3 /* StorageScanner2_0.xcdatamodeld */; };
		0661296628107FD90071EAF3 /* Assets.xcassets in Resources */ = {isa = PBXBuildFile; fileRef = 0661296528107FD90071EAF3 /* Assets.xcassets */; };
		0661296928107FD90071EAF3 /* LaunchScreen.storyboard in Resources */ = {isa = PBXBuildFile; fileRef = 0661296728107FD90071EAF3 /* LaunchScreen.storyboard */; };
		0661297428107FD90071EAF3 /* StorageScanner2_0Tests.swift in Sources */ = {isa = PBXBuildFile; fileRef = 0661297328107FD90071EAF3 /* StorageScanner2_0Tests.swift */; };
		0661297E28107FD90071EAF3 /* StorageScanner2_0UITests.swift in Sources */ = {isa = PBXBuildFile; fileRef = 0661297D28107FD90071EAF3 /* StorageScanner2_0UITests.swift */; };
		0661298028107FD90071EAF3 /* StorageScanner2_0UITestsLaunchTests.swift in Sources */ = {isa = PBXBuildFile; fileRef = 0661297F28107FD90071EAF3 /* StorageScanner2_0UITestsLaunchTests.swift */; };
		06612999281089860071EAF3 /* ItemsViewController.swift in Sources */ = {isa = PBXBuildFile; fileRef = 06612998281089860071EAF3 /* ItemsViewController.swift */; };
/* End PBXBuildFile section */

/* Begin PBXContainerItemProxy section */
		0661297028107FD90071EAF3 /* PBXContainerItemProxy */ = {
			isa = PBXContainerItemProxy;
			containerPortal = 0661294E28107FD70071EAF3 /* Project object */;
			proxyType = 1;
			remoteGlobalIDString = 0661295528107FD70071EAF3;
			remoteInfo = StorageScanner2.0;
		};
		0661297A28107FD90071EAF3 /* PBXContainerItemProxy */ = {
			isa = PBXContainerItemProxy;
			containerPortal = 0661294E28107FD70071EAF3 /* Project object */;
			proxyType = 1;
			remoteGlobalIDString = 0661295528107FD70071EAF3;
			remoteInfo = StorageScanner2.0;
		};
/* End PBXContainerItemProxy section */

/* Begin PBXFileReference section */
		0661295628107FD70071EAF3 /* StorageScanner2.0.app */ = {isa = PBXFileReference; explicitFileType = wrapper.application; includeInIndex = 0; path = StorageScanner2.0.app; sourceTree = BUILT_PRODUCTS_DIR; };
		0661295928107FD70071EAF3 /* AppDelegate.swift */ = {isa = PBXFileReference; lastKnownFileType = sourcecode.swift; path = AppDelegate.swift; sourceTree = "<group>"; };
		0661295B28107FD70071EAF3 /* SceneDelegate.swift */ = {isa = PBXFileReference; lastKnownFileType = sourcecode.swift; path = SceneDelegate.swift; sourceTree = "<group>"; };
		0661295D28107FD70071EAF3 /* ViewController.swift */ = {isa = PBXFileReference; lastKnownFileType = sourcecode.swift; path = ViewController.swift; sourceTree = "<group>"; };
		0661296028107FD70071EAF3 /* Base */ = {isa = PBXFileReference; lastKnownFileType = file.storyboard; name = Base; path = Base.lproj/Main.storyboard; sourceTree = "<group>"; };
		0661296328107FD70071EAF3 /* StorageScanner2_0.xcdatamodel */ = {isa = PBXFileReference; lastKnownFileType = wrapper.xcdatamodel; path = StorageScanner2_0.xcdatamodel; sourceTree = "<group>"; };
		0661296528107FD90071EAF3 /* Assets.xcassets */ = {isa = PBXFileReference; lastKnownFileType = folder.assetcatalog; path = Assets.xcassets; sourceTree = "<group>"; };
		0661296828107FD90071EAF3 /* Base */ = {isa = PBXFileReference; lastKnownFileType = file.storyboard; name = Base; path = Base.lproj/LaunchScreen.storyboard; sourceTree = "<group>"; };
		0661296A28107FD90071EAF3 /* Info.plist */ = {isa = PBXFileReference; lastKnownFileType = text.plist.xml; path = Info.plist; sourceTree = "<group>"; };
		0661296F28107FD90071EAF3 /* StorageScanner2.0Tests.xctest */ = {isa = PBXFileReference; explicitFileType = wrapper.cfbundle; includeInIndex = 0; path = StorageScanner2.0Tests.xctest; sourceTree = BUILT_PRODUCTS_DIR; };
		0661297328107FD90071EAF3 /* StorageScanner2_0Tests.swift */ = {isa = PBXFileReference; lastKnownFileType = sourcecode.swift; path = StorageScanner2_0Tests.swift; sourceTree = "<group>"; };
		0661297928107FD90071EAF3 /* StorageScanner2.0UITests.xctest */ = {isa = PBXFileReference; explicitFileType = wrapper.cfbundle; includeInIndex = 0; path = StorageScanner2.0UITests.xctest; sourceTree = BUILT_PRODUCTS_DIR; };
		0661297D28107FD90071EAF3 /* StorageScanner2_0UITests.swift */ = {isa = PBXFileReference; lastKnownFileType = sourcecode.swift; path = StorageScanner2_0UITests.swift; sourceTree = "<group>"; };
		0661297F28107FD90071EAF3 /* StorageScanner2_0UITestsLaunchTests.swift */ = {isa = PBXFileReference; lastKnownFileType = sourcecode.swift; path = StorageScanner2_0UITestsLaunchTests.swift; sourceTree = "<group>"; };
		06612998281089860071EAF3 /* ItemsViewController.swift */ = {isa = PBXFileReference; lastKnownFileType = sourcecode.swift; path = ItemsViewController.swift; sourceTree = "<group>"; };
/* End PBXFileReference section */

/* Begin PBXFrameworksBuildPhase section */
		0661295328107FD70071EAF3 /* Frameworks */ = {
			isa = PBXFrameworksBuildPhase;
			buildActionMask = 2147483647;
			files = (
			);
			runOnlyForDeploymentPostprocessing = 0;
		};
		0661296C28107FD90071EAF3 /* Frameworks */ = {
			isa = PBXFrameworksBuildPhase;
			buildActionMask = 2147483647;
			files = (
			);
			runOnlyForDeploymentPostprocessing = 0;
		};
		0661297628107FD90071EAF3 /* Frameworks */ = {
			isa = PBXFrameworksBuildPhase;
			buildActionMask = 2147483647;
			files = (
			);
			runOnlyForDeploymentPostprocessing = 0;
		};
/* End PBXFrameworksBuildPhase section */

/* Begin PBXGroup section */
		0661294D28107FD70071EAF3 = {
			isa = PBXGroup;
			children = (
				0661295828107FD70071EAF3 /* StorageScanner2.0 */,
				0661297228107FD90071EAF3 /* StorageScanner2.0Tests */,
				0661297C28107FD90071EAF3 /* StorageScanner2.0UITests */,
				0661295728107FD70071EAF3 /* Products */,
			);
			sourceTree = "<group>";
		};
		0661295728107FD70071EAF3 /* Products */ = {
			isa = PBXGroup;
			children = (
				0661295628107FD70071EAF3 /* StorageScanner2.0.app */,
				0661296F28107FD90071EAF3 /* StorageScanner2.0Tests.xctest */,
				0661297928107FD90071EAF3 /* StorageScanner2.0UITests.xctest */,
			);
			name = Products;
			sourceTree = "<group>";
		};
		0661295828107FD70071EAF3 /* StorageScanner2.0 */ = {
			isa = PBXGroup;
			children = (
				0661295928107FD70071EAF3 /* AppDelegate.swift */,
				0661295B28107FD70071EAF3 /* SceneDelegate.swift */,
				0661295D28107FD70071EAF3 /* ViewController.swift */,
				06612998281089860071EAF3 /* ItemsViewController.swift */,
				0661295F28107FD70071EAF3 /* Main.storyboard */,
				0661296528107FD90071EAF3 /* Assets.xcassets */,
				0661296728107FD90071EAF3 /* LaunchScreen.storyboard */,
				0661296A28107FD90071EAF3 /* Info.plist */,
				0661296228107FD70071EAF3 /* StorageScanner2_0.xcdatamodeld */,
			);
			path = StorageScanner2.0;
			sourceTree = "<group>";
		};
		0661297228107FD90071EAF3 /* StorageScanner2.0Tests */ = {
			isa = PBXGroup;
			children = (
				0661297328107FD90071EAF3 /* StorageScanner2_0Tests.swift */,
			);
			path = StorageScanner2.0Tests;
			sourceTree = "<group>";
		};
		0661297C28107FD90071EAF3 /* StorageScanner2.0UITests */ = {
			isa = PBXGroup;
			children = (
				0661297D28107FD90071EAF3 /* StorageScanner2_0UITests.swift */,
				0661297F28107FD90071EAF3 /* StorageScanner2_0UITestsLaunchTests.swift */,
			);
			path = StorageScanner2.0UITests;
			sourceTree = "<group>";
		};
/* End PBXGroup section */

/* Begin PBXNativeTarget section */
		0661295528107FD70071EAF3 /* StorageScanner2.0 */ = {
			isa = PBXNativeTarget;
			buildConfigurationList = 0661298328107FD90071EAF3 /* Build configuration list for PBXNativeTarget "StorageScanner2.0" */;
			buildPhases = (
				0661295228107FD70071EAF3 /* Sources */,
				0661295328107FD70071EAF3 /* Frameworks */,
				0661295428107FD70071EAF3 /* Resources */,
			);
			buildRules = (
			);
			dependencies = (
			);
			name = StorageScanner2.0;
			productName = StorageScanner2.0;
			productReference = 0661295628107FD70071EAF3 /* StorageScanner2.0.app */;
			productType = "com.apple.product-type.application";
		};
		0661296E28107FD90071EAF3 /* StorageScanner2.0Tests */ = {
			isa = PBXNativeTarget;
			buildConfigurationList = 0661298628107FD90071EAF3 /* Build configuration list for PBXNativeTarget "StorageScanner2.0Tests" */;
			buildPhases = (
				0661296B28107FD90071EAF3 /* Sources */,
				0661296C28107FD90071EAF3 /* Frameworks */,
				0661296D28107FD90071EAF3 /* Resources */,
			);
			buildRules = (
			);
			dependencies = (
				0661297128107FD90071EAF3 /* PBXTargetDependency */,
			);
			name = StorageScanner2.0Tests;
			productName = StorageScanner2.0Tests;
			productReference = 0661296F28107FD90071EAF3 /* StorageScanner2.0Tests.xctest */;
			productType = "com.apple.product-type.bundle.unit-test";
		};
		0661297828107FD90071EAF3 /* StorageScanner2.0UITests */ = {
			isa = PBXNativeTarget;
			buildConfigurationList = 0661298928107FD90071EAF3 /* Build configuration list for PBXNativeTarget "StorageScanner2.0UITests" */;
			buildPhases = (
				0661297528107FD90071EAF3 /* Sources */,
				0661297628107FD90071EAF3 /* Frameworks */,
				0661297728107FD90071EAF3 /* Resources */,
			);
			buildRules = (
			);
			dependencies = (
				0661297B28107FD90071EAF3 /* PBXTargetDependency */,
			);
			name = StorageScanner2.0UITests;
			productName = StorageScanner2.0UITests;
			productReference = 0661297928107FD90071EAF3 /* StorageScanner2.0UITests.xctest */;
			productType = "com.apple.product-type.bundle.ui-testing";
		};
/* End PBXNativeTarget section */

/* Begin PBXProject section */
		0661294E28107FD70071EAF3 /* Project object */ = {
			isa = PBXProject;
			attributes = {
				BuildIndependentTargetsInParallel = 1;
				LastSwiftUpdateCheck = 1330;
				LastUpgradeCheck = 1330;
				TargetAttributes = {
					0661295528107FD70071EAF3 = {
						CreatedOnToolsVersion = 13.3;
					};
					0661296E28107FD90071EAF3 = {
						CreatedOnToolsVersion = 13.3;
						TestTargetID = 0661295528107FD70071EAF3;
					};
					0661297828107FD90071EAF3 = {
						CreatedOnToolsVersion = 13.3;
						TestTargetID = 0661295528107FD70071EAF3;
					};
				};
			};
			buildConfigurationList = 0661295128107FD70071EAF3 /* Build configuration list for PBXProject "StorageScanner2.0" */;
			compatibilityVersion = "Xcode 13.0";
			developmentRegion = en;
			hasScannedForEncodings = 0;
			knownRegions = (
				en,
				Base,
			);
			mainGroup = 0661294D28107FD70071EAF3;
			productRefGroup = 0661295728107FD70071EAF3 /* Products */;
			projectDirPath = "";
			projectRoot = "";
			targets = (
				0661295528107FD70071EAF3 /* StorageScanner2.0 */,
				0661296E28107FD90071EAF3 /* StorageScanner2.0Tests */,
				0661297828107FD90071EAF3 /* StorageScanner2.0UITests */,
			);
		};
/* End PBXProject section */

/* Begin PBXResourcesBuildPhase section */
		0661295428107FD70071EAF3 /* Resources */ = {
			isa = PBXResourcesBuildPhase;
			buildActionMask = 2147483647;
			files = (
				0661296928107FD90071EAF3 /* LaunchScreen.storyboard in Resources */,
				0661296628107FD90071EAF3 /* Assets.xcassets in Resources */,
				0661296128107FD70071EAF3 /* Main.storyboard in Resources */,
			);
			runOnlyForDeploymentPostprocessing = 0;
		};
		0661296D28107FD90071EAF3 /* Resources */ = {
			isa = PBXResourcesBuildPhase;
			buildActionMask = 2147483647;
			files = (
			);
			runOnlyForDeploymentPostprocessing = 0;
		};
		0661297728107FD90071EAF3 /* Resources */ = {
			isa = PBXResourcesBuildPhase;
			buildActionMask = 2147483647;
			files = (
			);
			runOnlyForDeploymentPostprocessing = 0;
		};
/* End PBXResourcesBuildPhase section */

/* Begin PBXSourcesBuildPhase section */
		0661295228107FD70071EAF3 /* Sources */ = {
			isa = PBXSourcesBuildPhase;
			buildActionMask = 2147483647;
			files = (
				06612999281089860071EAF3 /* ItemsViewController.swift in Sources */,
				0661295E28107FD70071EAF3 /* ViewController.swift in Sources */,
				0661295A28107FD70071EAF3 /* AppDelegate.swift in Sources */,
				0661296428107FD70071EAF3 /* StorageScanner2_0.xcdatamodeld in Sources */,
				0661295C28107FD70071EAF3 /* SceneDelegate.swift in Sources */,
			);
			runOnlyForDeploymentPostprocessing = 0;
		};
		0661296B28107FD90071EAF3 /* Sources */ = {
			isa = PBXSourcesBuildPhase;
			buildActionMask = 2147483647;
			files = (
				0661297428107FD90071EAF3 /* StorageScanner2_0Tests.swift in Sources */,
			);
			runOnlyForDeploymentPostprocessing = 0;
		};
		0661297528107FD90071EAF3 /* Sources */ = {
			isa = PBXSourcesBuildPhase;
			buildActionMask = 2147483647;
			files = (
				0661297E28107FD90071EAF3 /* StorageScanner2_0UITests.swift in Sources */,
				0661298028107FD90071EAF3 /* StorageScanner2_0UITestsLaunchTests.swift in Sources */,
			);
			runOnlyForDeploymentPostprocessing = 0;
		};
/* End PBXSourcesBuildPhase section */

/* Begin PBXTargetDependency section */
		0661297128107FD90071EAF3 /* PBXTargetDependency */ = {
			isa = PBXTargetDependency;
			target = 0661295528107FD70071EAF3 /* StorageScanner2.0 */;
			targetProxy = 0661297028107FD90071EAF3 /* PBXContainerItemProxy */;
		};
		0661297B28107FD90071EAF3 /* PBXTargetDependency */ = {
			isa = PBXTargetDependency;
			target = 0661295528107FD70071EAF3 /* StorageScanner2.0 */;
			targetProxy = 0661297A28107FD90071EAF3 /* PBXContainerItemProxy */;
		};
/* End PBXTargetDependency section */

/* Begin PBXVariantGroup section */
		0661295F28107FD70071EAF3 /* Main.storyboard */ = {
			isa = PBXVariantGroup;
			children = (
				0661296028107FD70071EAF3 /* Base */,
			);
			name = Main.storyboard;
			sourceTree = "<group>";
		};
		0661296728107FD90071EAF3 /* LaunchScreen.storyboard */ = {
			isa = PBXVariantGroup;
			children = (
				0661296828107FD90071EAF3 /* Base */,
			);
			name = LaunchScreen.storyboard;
			sourceTree = "<group>";
		};
/* End PBXVariantGroup section */

/* Begin XCBuildConfiguration section */
		0661298128107FD90071EAF3 /* Debug */ = {
			isa = XCBuildConfiguration;
			buildSettings = {
				ALWAYS_SEARCH_USER_PATHS = NO;
				CLANG_ANALYZER_NONNULL = YES;
				CLANG_ANALYZER_NUMBER_OBJECT_CONVERSION = YES_AGGRESSIVE;
				CLANG_CXX_LANGUAGE_STANDARD = "gnu++17";
				CLANG_ENABLE_MODULES = YES;
				CLANG_ENABLE_OBJC_ARC = YES;
				CLANG_ENABLE_OBJC_WEAK = YES;
				CLANG_WARN_BLOCK_CAPTURE_AUTORELEASING = YES;
				CLANG_WARN_BOOL_CONVERSION = YES;
				CLANG_WARN_COMMA = YES;
				CLANG_WARN_CONSTANT_CONVERSION = YES;
				CLANG_WARN_DEPRECATED_OBJC_IMPLEMENTATIONS = YES;
				CLANG_WARN_DIRECT_OBJC_ISA_USAGE = YES_ERROR;
				CLANG_WARN_DOCUMENTATION_COMMENTS = YES;
				CLANG_WARN_EMPTY_BODY = YES;
				CLANG_WARN_ENUM_CONVERSION = YES;
				CLANG_WARN_INFINITE_RECURSION = YES;
				CLANG_WARN_INT_CONVERSION = YES;
				CLANG_WARN_NON_LITERAL_NULL_CONVERSION = YES;
				CLANG_WARN_OBJC_IMPLICIT_RETAIN_SELF = YES;
				CLANG_WARN_OBJC_LITERAL_CONVERSION = YES;
				CLANG_WARN_OBJC_ROOT_CLASS = YES_ERROR;
				CLANG_WARN_QUOTED_INCLUDE_IN_FRAMEWORK_HEADER = YES;
				CLANG_WARN_RANGE_LOOP_ANALYSIS = YES;
				CLANG_WARN_STRICT_PROTOTYPES = YES;
				CLANG_WARN_SUSPICIOUS_MOVE = YES;
				CLANG_WARN_UNGUARDED_AVAILABILITY = YES_AGGRESSIVE;
				CLANG_WARN_UNREACHABLE_CODE = YES;
				CLANG_WARN__DUPLICATE_METHOD_MATCH = YES;
				COPY_PHASE_STRIP = NO;
				DEBUG_INFORMATION_FORMAT = dwarf;
				ENABLE_STRICT_OBJC_MSGSEND = YES;
				ENABLE_TESTABILITY = YES;
				GCC_C_LANGUAGE_STANDARD = gnu11;
				GCC_DYNAMIC_NO_PIC = NO;
				GCC_NO_COMMON_BLOCKS = YES;
				GCC_OPTIMIZATION_LEVEL = 0;
				GCC_PREPROCESSOR_DEFINITIONS = (
					"DEBUG=1",
					"$(inherited)",
				);
				GCC_WARN_64_TO_32_BIT_CONVERSION = YES;
				GCC_WARN_ABOUT_RETURN_TYPE = YES_ERROR;
				GCC_WARN_UNDECLARED_SELECTOR = YES;
				GCC_WARN_UNINITIALIZED_AUTOS = YES_AGGRESSIVE;
				GCC_WARN_UNUSED_FUNCTION = YES;
				GCC_WARN_UNUSED_VARIABLE = YES;
				IPHONEOS_DEPLOYMENT_TARGET = 15.4;
				MTL_ENABLE_DEBUG_INFO = INCLUDE_SOURCE;
				MTL_FAST_MATH = YES;
				ONLY_ACTIVE_ARCH = YES;
				SDKROOT = iphoneos;
				SWIFT_ACTIVE_COMPILATION_CONDITIONS = DEBUG;
				SWIFT_OPTIMIZATION_LEVEL = "-Onone";
			};
			name = Debug;
		};
		0661298228107FD90071EAF3 /* Release */ = {
			isa = XCBuildConfiguration;
			buildSettings = {
				ALWAYS_SEARCH_USER_PATHS = NO;
				CLANG_ANALYZER_NONNULL = YES;
				CLANG_ANALYZER_NUMBER_OBJECT_CONVERSION = YES_AGGRESSIVE;
				CLANG_CXX_LANGUAGE_STANDARD = "gnu++17";
				CLANG_ENABLE_MODULES = YES;
				CLANG_ENABLE_OBJC_ARC = YES;
				CLANG_ENABLE_OBJC_WEAK = YES;
				CLANG_WARN_BLOCK_CAPTURE_AUTORELEASING = YES;
				CLANG_WARN_BOOL_CONVERSION = YES;
				CLANG_WARN_COMMA = YES;
				CLANG_WARN_CONSTANT_CONVERSION = YES;
				CLANG_WARN_DEPRECATED_OBJC_IMPLEMENTATIONS = YES;
				CLANG_WARN_DIRECT_OBJC_ISA_USAGE = YES_ERROR;
				CLANG_WARN_DOCUMENTATION_COMMENTS = YES;
				CLANG_WARN_EMPTY_BODY = YES;
				CLANG_WARN_ENUM_CONVERSION = YES;
				CLANG_WARN_INFINITE_RECURSION = YES;
				CLANG_WARN_INT_CONVERSION = YES;
				CLANG_WARN_NON_LITERAL_NULL_CONVERSION = YES;
				CLANG_WARN_OBJC_IMPLICIT_RETAIN_SELF = YES;
				CLANG_WARN_OBJC_LITERAL_CONVERSION = YES;
				CLANG_WARN_OBJC_ROOT_CLASS = YES_ERROR;
				CLANG_WARN_QUOTED_INCLUDE_IN_FRAMEWORK_HEADER = YES;
				CLANG_WARN_RANGE_LOOP_ANALYSIS = YES;
				CLANG_WARN_STRICT_PROTOTYPES = YES;
				CLANG_WARN_SUSPICIOUS_MOVE = YES;
				CLANG_WARN_UNGUARDED_AVAILABILITY = YES_AGGRESSIVE;
				CLANG_WARN_UNREACHABLE_CODE = YES;
				CLANG_WARN__DUPLICATE_METHOD_MATCH = YES;
				COPY_PHASE_STRIP = NO;
				DEBUG_INFORMATION_FORMAT = "dwarf-with-dsym";
				ENABLE_NS_ASSERTIONS = NO;
				ENABLE_STRICT_OBJC_MSGSEND = YES;
				GCC_C_LANGUAGE_STANDARD = gnu11;
				GCC_NO_COMMON_BLOCKS = YES;
				GCC_WARN_64_TO_32_BIT_CONVERSION = YES;
				GCC_WARN_ABOUT_RETURN_TYPE = YES_ERROR;
				GCC_WARN_UNDECLARED_SELECTOR = YES;
				GCC_WARN_UNINITIALIZED_AUTOS = YES_AGGRESSIVE;
				GCC_WARN_UNUSED_FUNCTION = YES;
				GCC_WARN_UNUSED_VARIABLE = YES;
				IPHONEOS_DEPLOYMENT_TARGET = 15.4;
				MTL_ENABLE_DEBUG_INFO = NO;
				MTL_FAST_MATH = YES;
				SDKROOT = iphoneos;
				SWIFT_COMPILATION_MODE = wholemodule;
				SWIFT_OPTIMIZATION_LEVEL = "-O";
				VALIDATE_PRODUCT = YES;
			};
			name = Release;
		};
		0661298428107FD90071EAF3 /* Debug */ = {
			isa = XCBuildConfiguration;
			buildSettings = {
				ASSETCATALOG_COMPILER_APPICON_NAME = AppIcon;
				ASSETCATALOG_COMPILER_GLOBAL_ACCENT_COLOR_NAME = AccentColor;
				CODE_SIGN_STYLE = Automatic;
				CURRENT_PROJECT_VERSION = 1;
				DEVELOPMENT_TEAM = J4657QU65R;
				GENERATE_INFOPLIST_FILE = YES;
				INFOPLIST_FILE = StorageScanner2.0/Info.plist;
				INFOPLIST_KEY_UIApplicationSupportsIndirectInputEvents = YES;
				INFOPLIST_KEY_UILaunchStoryboardName = LaunchScreen;
				INFOPLIST_KEY_UIMainStoryboardFile = Main;
				INFOPLIST_KEY_UISupportedInterfaceOrientations_iPad = "UIInterfaceOrientationPortrait UIInterfaceOrientationPortraitUpsideDown UIInterfaceOrientationLandscapeLeft UIInterfaceOrientationLandscapeRight";
				INFOPLIST_KEY_UISupportedInterfaceOrientations_iPhone = "UIInterfaceOrientationPortrait UIInterfaceOrientationLandscapeLeft UIInterfaceOrientationLandscapeRight";
				LD_RUNPATH_SEARCH_PATHS = (
					"$(inherited)",
					"@executable_path/Frameworks",
				);
				MARKETING_VERSION = 1.0;
				PRODUCT_BUNDLE_IDENTIFIER = "omellen.StorageScanner2-0";
				PRODUCT_NAME = "$(TARGET_NAME)";
				SWIFT_EMIT_LOC_STRINGS = YES;
				SWIFT_VERSION = 5.0;
				TARGETED_DEVICE_FAMILY = "1,2";
			};
			name = Debug;
		};
		0661298528107FD90071EAF3 /* Release */ = {
			isa = XCBuildConfiguration;
			buildSettings = {
				ASSETCATALOG_COMPILER_APPICON_NAME = AppIcon;
				ASSETCATALOG_COMPILER_GLOBAL_ACCENT_COLOR_NAME = AccentColor;
				CODE_SIGN_STYLE = Automatic;
				CURRENT_PROJECT_VERSION = 1;
				DEVELOPMENT_TEAM = J4657QU65R;
				GENERATE_INFOPLIST_FILE = YES;
				INFOPLIST_FILE = StorageScanner2.0/Info.plist;
				INFOPLIST_KEY_UIApplicationSupportsIndirectInputEvents = YES;
				INFOPLIST_KEY_UILaunchStoryboardName = LaunchScreen;
				INFOPLIST_KEY_UIMainStoryboardFile = Main;
				INFOPLIST_KEY_UISupportedInterfaceOrientations_iPad = "UIInterfaceOrientationPortrait UIInterfaceOrientationPortraitUpsideDown UIInterfaceOrientationLandscapeLeft UIInterfaceOrientationLandscapeRight";
				INFOPLIST_KEY_UISupportedInterfaceOrientations_iPhone = "UIInterfaceOrientationPortrait UIInterfaceOrientationLandscapeLeft UIInterfaceOrientationLandscapeRight";
				LD_RUNPATH_SEARCH_PATHS = (
					"$(inherited)",
					"@executable_path/Frameworks",
				);
				MARKETING_VERSION = 1.0;
				PRODUCT_BUNDLE_IDENTIFIER = "omellen.StorageScanner2-0";
				PRODUCT_NAME = "$(TARGET_NAME)";
				SWIFT_EMIT_LOC_STRINGS = YES;
				SWIFT_VERSION = 5.0;
				TARGETED_DEVICE_FAMILY = "1,2";
			};
			name = Release;
		};
		0661298728107FD90071EAF3 /* Debug */ = {
			isa = XCBuildConfiguration;
			buildSettings = {
				ALWAYS_EMBED_SWIFT_STANDARD_LIBRARIES = YES;
				BUNDLE_LOADER = "$(TEST_HOST)";
				CODE_SIGN_STYLE = Automatic;
				CURRENT_PROJECT_VERSION = 1;
				DEVELOPMENT_TEAM = J4657QU65R;
				GENERATE_INFOPLIST_FILE = YES;
				IPHONEOS_DEPLOYMENT_TARGET = 15.4;
				MARKETING_VERSION = 1.0;
				PRODUCT_BUNDLE_IDENTIFIER = "omellen.StorageScanner2-0Tests";
				PRODUCT_NAME = "$(TARGET_NAME)";
				SWIFT_EMIT_LOC_STRINGS = NO;
				SWIFT_VERSION = 5.0;
				TARGETED_DEVICE_FAMILY = "1,2";
				TEST_HOST = "$(BUILT_PRODUCTS_DIR)/StorageScanner2.0.app/StorageScanner2.0";
			};
			name = Debug;
		};
		0661298828107FD90071EAF3 /* Release */ = {
			isa = XCBuildConfiguration;
			buildSettings = {
				ALWAYS_EMBED_SWIFT_STANDARD_LIBRARIES = YES;
				BUNDLE_LOADER = "$(TEST_HOST)";
				CODE_SIGN_STYLE = Automatic;
				CURRENT_PROJECT_VERSION = 1;
				DEVELOPMENT_TEAM = J4657QU65R;
				GENERATE_INFOPLIST_FILE = YES;
				IPHONEOS_DEPLOYMENT_TARGET = 15.4;
				MARKETING_VERSION = 1.0;
				PRODUCT_BUNDLE_IDENTIFIER = "omellen.StorageScanner2-0Tests";
				PRODUCT_NAME = "$(TARGET_NAME)";
				SWIFT_EMIT_LOC_STRINGS = NO;
				SWIFT_VERSION = 5.0;
				TARGETED_DEVICE_FAMILY = "1,2";
				TEST_HOST = "$(BUILT_PRODUCTS_DIR)/StorageScanner2.0.app/StorageScanner2.0";
			};
			name = Release;
		};
		0661298A28107FD90071EAF3 /* Debug */ = {
			isa = XCBuildConfiguration;
			buildSettings = {
				ALWAYS_EMBED_SWIFT_STANDARD_LIBRARIES = YES;
				CODE_SIGN_STYLE = Automatic;
				CURRENT_PROJECT_VERSION = 1;
				DEVELOPMENT_TEAM = J4657QU65R;
				GENERATE_INFOPLIST_FILE = YES;
				MARKETING_VERSION = 1.0;
				PRODUCT_BUNDLE_IDENTIFIER = "omellen.StorageScanner2-0UITests";
				PRODUCT_NAME = "$(TARGET_NAME)";
				SWIFT_EMIT_LOC_STRINGS = NO;
				SWIFT_VERSION = 5.0;
				TARGETED_DEVICE_FAMILY = "1,2";
				TEST_TARGET_NAME = StorageScanner2.0;
			};
			name = Debug;
		};
		0661298B28107FD90071EAF3 /* Release */ = {
			isa = XCBuildConfiguration;
			buildSettings = {
				ALWAYS_EMBED_SWIFT_STANDARD_LIBRARIES = YES;
				CODE_SIGN_STYLE = Automatic;
				CURRENT_PROJECT_VERSION = 1;
				DEVELOPMENT_TEAM = J4657QU65R;
				GENERATE_INFOPLIST_FILE = YES;
				MARKETING_VERSION = 1.0;
				PRODUCT_BUNDLE_IDENTIFIER = "omellen.StorageScanner2-0UITests";
				PRODUCT_NAME = "$(TARGET_NAME)";
				SWIFT_EMIT_LOC_STRINGS = NO;
				SWIFT_VERSION = 5.0;
				TARGETED_DEVICE_FAMILY = "1,2";
				TEST_TARGET_NAME = StorageScanner2.0;
			};
			name = Release;
		};
/* End XCBuildConfiguration section */

/* Begin XCConfigurationList section */
		0661295128107FD70071EAF3 /* Build configuration list for PBXProject "StorageScanner2.0" */ = {
			isa = XCConfigurationList;
			buildConfigurations = (
				0661298128107FD90071EAF3 /* Debug */,
				0661298228107FD90071EAF3 /* Release */,
			);
			defaultConfigurationIsVisible = 0;
			defaultConfigurationName = Release;
		};
		0661298328107FD90071EAF3 /* Build configuration list for PBXNativeTarget "StorageScanner2.0" */ = {
			isa = XCConfigurationList;
			buildConfigurations = (
				0661298428107FD90071EAF3 /* Debug */,
				0661298528107FD90071EAF3 /* Release */,
			);
			defaultConfigurationIsVisible = 0;
			defaultConfigurationName = Release;
		};
		0661298628107FD90071EAF3 /* Build configuration list for PBXNativeTarget "StorageScanner2.0Tests" */ = {
			isa = XCConfigurationList;
			buildConfigurations = (
				0661298728107FD90071EAF3 /* Debug */,
				0661298828107FD90071EAF3 /* Release */,
			);
			defaultConfigurationIsVisible = 0;
			defaultConfigurationName = Release;
		};
		0661298928107FD90071EAF3 /* Build configuration list for PBXNativeTarget "StorageScanner2.0UITests" */ = {
			isa = XCConfigurationList;
			buildConfigurations = (
				0661298A28107FD90071EAF3 /* Debug */,
				0661298B28107FD90071EAF3 /* Release */,
			);
			defaultConfigurationIsVisible = 0;
			defaultConfigurationName = Release;
		};
/* End XCConfigurationList section */

/* Begin XCVersionGroup section */
		0661296228107FD70071EAF3 /* StorageScanner2_0.xcdatamodeld */ = {
			isa = XCVersionGroup;
			children = (
				0661296328107FD70071EAF3 /* StorageScanner2_0.xcdatamodel */,
			);
			currentVersion = 0661296328107FD70071EAF3 /* StorageScanner2_0.xcdatamodel */;
			path = StorageScanner2_0.xcdatamodeld;
			sourceTree = "<group>";
			versionGroupType = wrapper.xcdatamodel;
		};
/* End XCVersionGroup section */
	};
	rootObject = 0661294E28107FD70071EAF3 /* Project object */;
}
